
Microsoft Visual Studio Solution File, Format Version 12.00
# Visual Studio Version 17
VisualStudioVersion = 17.0.31919.166
MinimumVisualStudioVersion = 10.0.40219.1
Project("{FAE04EC0-301F-11D3-BF4B-00C04F79EFBC}") = "PacMan", "PacMan\PacMan.csproj", "{C8EE1A52-5F9B-455D-9413-3909B3A69CDF}"
EndProject
Global
	GlobalSection(SolutionConfigurationPlatforms) = preSolution
		Debug|Any CPU = Debug|Any CPU
		Release|Any CPU = Release|Any CPU
	EndGlobalSection
	GlobalSection(ProjectConfigurationPlatforms) = postSolution
		{C8EE1A52-5F9B-455D-9413-3909B3A69CDF}.Debug|Any CPU.ActiveCfg = Debug|Any CPU
		{C8EE1A52-5F9B-455D-9413-3909B3A69CDF}.Debug|Any CPU.Build.0 = Debug|Any CPU
		{C8EE1A52-5F9B-455D-9413-3909B3A69CDF}.Release|Any CPU.ActiveCfg = Release|Any CPU
		{C8EE1A52-5F9B-455D-9413-3909B3A69CDF}.Release|Any CPU.Build.0 = Release|Any CPU
	EndGlobalSection
	GlobalSection(SolutionProperties) = preSolution
		HideSolutionNode = FALSE
	EndGlobalSection
	GlobalSection(ExtensibilityGlobals) = postSolution
		SolutionGuid = {2BC4FD90-443F-4EA2-A5B9-F46EBBDB3DA4}
	EndGlobalSection
EndGlobal
